<?xml version="1.0" encoding="utf-8"?>
<Project ToolsVersion="4.0" xmlns="http://schemas.microsoft.com/developer/msbuild/2003">
  <ItemGroup>
    <Filter Include="Source Files">
      <UniqueIdentifier>{4FC737F1-C7A5-4376-A066-2A32D752A2FF}</UniqueIdentifier>
      <Extensions>cpp;c;cc;cxx;c++;cppm;ixx;def;odl;idl;hpj;bat;asm;asmx</Extensions>
    </Filter>
    <Filter Include="Header Files">
      <UniqueIdentifier>{93995380-89BD-4b04-88EB-625FBE52EBFB}</UniqueIdentifier>
      <Extensions>h;hh;hpp;hxx;h++;hm;inl;inc;ipp;xsd</Extensions>
    </Filter>
    <Filter Include="Resource Files">
      <UniqueIdentifier>{67DA6AB6-F800-4c08-8B7A-83BB121AAD01}</UniqueIdentifier>
      <Extensions>rc;ico;cur;bmp;dlg;rc2;rct;bin;rgs;gif;jpg;jpeg;jpe;resx;tiff;tif;png;wav;mfcribbon-ms</Extensions>
    </Filter>
  </ItemGroup>
  <ItemGroup>
    <ClCompile Include="main.cpp">
      <Filter>Source Files</Filter>
    </ClCompile>
    <ClCompile Include="iterating\iterating_img.cpp">
      <Filter>Source Files</Filter>
    </ClCompile>
    <ClCompile Include="iterating\hue_sat.cpp">
      <Filter>Source Files</Filter>
    </ClCompile>
    <ClCompile Include="iterating\hue_value.cpp">
      <Filter>Source Files</Filter>
    </ClCompile>
    <ClCompile Include="iterating\HUE.cpp">
      <Filter>Source Files</Filter>
    </ClCompile>
    <ClCompile Include="iterating\threee_colors.cpp">
      <Filter>Source Files</Filter>
    </ClCompile>
    <ClCompile Include="capsule files\separation_hue_val.cpp">
      <Filter>Source Files</Filter>
    </ClCompile>
    <ClCompile Include="cigarette\color_changing.cpp">
      <Filter>Source Files</Filter>
    </ClCompile>
    <ClCompile Include="capsule files\removing_shadow.cpp">
      <Filter>Source Files</Filter>
    </ClCompile>
    <ClCompile Include="capsule files\checker_board.cpp">
      <Filter>Source Files</Filter>
    </ClCompile>
  </ItemGroup>
  <ItemGroup>
    <ClInclude Include="iterating\interating_img.h">
      <Filter>Header Files</Filter>
    </ClInclude>
    <ClInclude Include="capsule files\Header.h">
      <Filter>Header Files</Filter>
    </ClInclude>
    <ClInclude Include="capsule files\separation_hue_val.h">
      <Filter>Header Files</Filter>
    </ClInclude>
    <ClInclude Include="cigarette\color_changing.h">
      <Filter>Header Files</Filter>
    </ClInclude>
  </ItemGroup>
  <ItemGroup>
    <None Include=".gitattributes" />
    <None Include=".gitignore" />
  </ItemGroup>
  <ItemGroup>
    <Image Include="capsule files\image\checker_board.jpg">
      <Filter>Resource Files</Filter>
    </Image>
    <Image Include="capsule files\image\img.jpg">
      <Filter>Resource Files</Filter>
    </Image>
    <Image Include="capsule files\image\img1.jpg">
      <Filter>Resource Files</Filter>
    </Image>
  </ItemGroup>
</Project>